// !$*UTF8*$!
{
	archiveVersion = 1;
	classes = {
	};
	objectVersion = 46;
	objects = {

/* Begin PBXBuildFile section */
		1BF1C85120DF4B34005DA694 /* RCTTrackingIO.h in CopyFiles */ = {isa = PBXBuildFile; fileRef = 1BF1C84C20DF4B1B005DA694 /* RCTTrackingIO.h */; };
		1BF1C85320DF4B36005DA694 /* ReYunTracking.a in Frameworks */ = {isa = PBXBuildFile; fileRef = 1BF1C85020DF4B1B005DA694 /* ReYunTracking.a */; };
		1BF1C85420DF4B38005DA694 /* RCTTrackingIO.m in Sources */ = {isa = PBXBuildFile; fileRef = 1BF1C84D20DF4B1B005DA694 /* RCTTrackingIO.m */; };
		1BF1C8A420DF6EF0005DA694 /* Security.framework in Frameworks */ = {isa = PBXBuildFile; fileRef = 1BF1C8A320DF6EF0005DA694 /* Security.framework */; };
		1BF1C8A620DF6EF7005DA694 /* CoreTelephony.framework in Frameworks */ = {isa = PBXBuildFile; fileRef = 1BF1C8A520DF6EF7005DA694 /* CoreTelephony.framework */; };
		1BF1C8CB20DF723E005DA694 /* AdSupport.framework in Frameworks */ = {isa = PBXBuildFile; fileRef = 1BF1C8A720DF6EFE005DA694 /* AdSupport.framework */; };
		1BF1C8CC20DF7243005DA694 /* SystemConfiguration.framework in Frameworks */ = {isa = PBXBuildFile; fileRef = 1BF1C8A920DF6F03005DA694 /* SystemConfiguration.framework */; };
		1BF1C8CD20DF7249005DA694 /* CoreMotion.framework in Frameworks */ = {isa = PBXBuildFile; fileRef = 1BF1C8AB20DF6F09005DA694 /* CoreMotion.framework */; };
		1BF1C8CE20DF724E005DA694 /* CoreLocation.framework in Frameworks */ = {isa = PBXBuildFile; fileRef = 1BF1C8AD20DF6F0E005DA694 /* CoreLocation.framework */; };
/* End PBXBuildFile section */

/* Begin PBXCopyFilesBuildPhase section */
		9170432F1C439F4C0028747B /* CopyFiles */ = {
			isa = PBXCopyFilesBuildPhase;
			buildActionMask = 2147483647;
			dstPath = "include/$(PRODUCT_NAME)";
			dstSubfolderSpec = 16;
			files = (
				1BF1C85120DF4B34005DA694 /* RCTTrackingIO.h in CopyFiles */,
			);
			runOnlyForDeploymentPostprocessing = 0;
		};
/* End PBXCopyFilesBuildPhase section */

/* Begin PBXFileReference section */
		1BF1C84C20DF4B1B005DA694 /* RCTTrackingIO.h */ = {isa = PBXFileReference; lastKnownFileType = sourcecode.c.h; path = RCTTrackingIO.h; sourceTree = "<group>"; };
		1BF1C84D20DF4B1B005DA694 /* RCTTrackingIO.m */ = {isa = PBXFileReference; lastKnownFileType = sourcecode.c.objc; path = RCTTrackingIO.m; sourceTree = "<group>"; };
		1BF1C84F20DF4B1B005DA694 /* Tracking.h */ = {isa = PBXFileReference; lastKnownFileType = sourcecode.c.h; path = Tracking.h; sourceTree = "<group>"; };
		1BF1C85020DF4B1B005DA694 /* ReYunTracking.a */ = {isa = PBXFileReference; lastKnownFileType = archive.ar; path = ReYunTracking.a; sourceTree = "<group>"; };
		1BF1C8A320DF6EF0005DA694 /* Security.framework */ = {isa = PBXFileReference; lastKnownFileType = wrapper.framework; name = Security.framework; path = System/Library/Frameworks/Security.framework; sourceTree = SDKROOT; };
		1BF1C8A520DF6EF7005DA694 /* CoreTelephony.framework */ = {isa = PBXFileReference; lastKnownFileType = wrapper.framework; name = CoreTelephony.framework; path = System/Library/Frameworks/CoreTelephony.framework; sourceTree = SDKROOT; };
		1BF1C8A720DF6EFE005DA694 /* AdSupport.framework */ = {isa = PBXFileReference; lastKnownFileType = wrapper.framework; name = AdSupport.framework; path = System/Library/Frameworks/AdSupport.framework; sourceTree = SDKROOT; };
		1BF1C8A920DF6F03005DA694 /* SystemConfiguration.framework */ = {isa = PBXFileReference; lastKnownFileType = wrapper.framework; name = SystemConfiguration.framework; path = System/Library/Frameworks/SystemConfiguration.framework; sourceTree = SDKROOT; };
		1BF1C8AB20DF6F09005DA694 /* CoreMotion.framework */ = {isa = PBXFileReference; lastKnownFileType = wrapper.framework; name = CoreMotion.framework; path = System/Library/Frameworks/CoreMotion.framework; sourceTree = SDKROOT; };
		1BF1C8AD20DF6F0E005DA694 /* CoreLocation.framework */ = {isa = PBXFileReference; lastKnownFileType = wrapper.framework; name = CoreLocation.framework; path = System/Library/Frameworks/CoreLocation.framework; sourceTree = SDKROOT; };
		1BF1C8AF20DF6F16005DA694 /* libsqlite3.tbd */ = {isa = PBXFileReference; lastKnownFileType = "sourcecode.text-based-dylib-definition"; name = libsqlite3.tbd; path = usr/lib/libsqlite3.tbd; sourceTree = SDKROOT; };
		917043311C439F4C0028747B /* libRCTTrackingIO.a */ = {isa = PBXFileReference; explicitFileType = archive.ar; includeInIndex = 0; path = libRCTTrackingIO.a; sourceTree = BUILT_PRODUCTS_DIR; };
/* End PBXFileReference section */

/* Begin PBXFrameworksBuildPhase section */
		9170432E1C439F4C0028747B /* Frameworks */ = {
			isa = PBXFrameworksBuildPhase;
			buildActionMask = 2147483647;
			files = (
				1BF1C8CE20DF724E005DA694 /* CoreLocation.framework in Frameworks */,
				1BF1C8CD20DF7249005DA694 /* CoreMotion.framework in Frameworks */,
				1BF1C8CC20DF7243005DA694 /* SystemConfiguration.framework in Frameworks */,
				1BF1C8CB20DF723E005DA694 /* AdSupport.framework in Frameworks */,
				1BF1C8A420DF6EF0005DA694 /* Security.framework in Frameworks */,
				1BF1C8A620DF6EF7005DA694 /* CoreTelephony.framework in Frameworks */,
				1BF1C85320DF4B36005DA694 /* ReYunTracking.a in Frameworks */,
			);
			runOnlyForDeploymentPostprocessing = 0;
		};
/* End PBXFrameworksBuildPhase section */

/* Begin PBXGroup section */
		1BF1C84B20DF4B1B005DA694 /* RCTTrackingIO */ = {
			isa = PBXGroup;
			children = (
				1BF1C84C20DF4B1B005DA694 /* RCTTrackingIO.h */,
				1BF1C84D20DF4B1B005DA694 /* RCTTrackingIO.m */,
			);
			path = RCTTrackingIO;
			sourceTree = "<group>";
		};
		1BF1C84E20DF4B1B005DA694 /* TrackingIOSDK */ = {
			isa = PBXGroup;
			children = (
				1BF1C84F20DF4B1B005DA694 /* Tracking.h */,
				1BF1C85020DF4B1B005DA694 /* ReYunTracking.a */,
			);
			path = TrackingIOSDK;
			sourceTree = "<group>";
		};
		1BF1C85220DF4B36005DA694 /* Frameworks */ = {
			isa = PBXGroup;
			children = (
				1BF1C8AF20DF6F16005DA694 /* libsqlite3.tbd */,
				1BF1C8AD20DF6F0E005DA694 /* CoreLocation.framework */,
				1BF1C8AB20DF6F09005DA694 /* CoreMotion.framework */,
				1BF1C8A920DF6F03005DA694 /* SystemConfiguration.framework */,
				1BF1C8A720DF6EFE005DA694 /* AdSupport.framework */,
				1BF1C8A520DF6EF7005DA694 /* CoreTelephony.framework */,
				1BF1C8A320DF6EF0005DA694 /* Security.framework */,
			);
			name = Frameworks;
			sourceTree = "<group>";
		};
		917043281C439F4C0028747B = {
			isa = PBXGroup;
			children = (
				1BF1C84B20DF4B1B005DA694 /* RCTTrackingIO */,
				1BF1C84E20DF4B1B005DA694 /* TrackingIOSDK */,
				917043321C439F4C0028747B /* Products */,
				1BF1C85220DF4B36005DA694 /* Frameworks */,
			);
			sourceTree = "<group>";
		};
		917043321C439F4C0028747B /* Products */ = {
			isa = PBXGroup;
			children = (
				917043311C439F4C0028747B /* libRCTTrackingIO.a */,
			);
			name = Products;
			sourceTree = "<group>";
		};
/* End PBXGroup section */

/* Begin PBXNativeTarget section */
		917043301C439F4C0028747B /* RCTTrackingIO */ = {
			isa = PBXNativeTarget;
			buildConfigurationList = 9170433A1C439F4C0028747B /* Build configuration list for PBXNativeTarget "RCTTrackingIO" */;
			buildPhases = (
				9170432D1C439F4C0028747B /* Sources */,
				9170432E1C439F4C0028747B /* Frameworks */,
				9170432F1C439F4C0028747B /* CopyFiles */,
			);
			buildRules = (
			);
			dependencies = (
			);
			name = RCTTrackingIO;
			productName = RCTTalkingData;
			productReference = 917043311C439F4C0028747B /* libRCTTrackingIO.a */;
			productType = "com.apple.product-type.library.static";
		};
/* End PBXNativeTarget section */

/* Begin PBXProject section */
		917043291C439F4C0028747B /* Project object */ = {
			isa = PBXProject;
			attributes = {
				LastUpgradeCheck = 0720;
				ORGANIZATIONNAME = erica;
				TargetAttributes = {
					917043301C439F4C0028747B = {
						CreatedOnToolsVersion = 7.2;
					};
				};
			};
			buildConfigurationList = 9170432C1C439F4C0028747B /* Build configuration list for PBXProject "RCTTrackingIO" */;
			compatibilityVersion = "Xcode 3.2";
			developmentRegion = English;
			hasScannedForEncodings = 0;
			knownRegions = (
				en,
			);
			mainGroup = 917043281C439F4C0028747B;
			productRefGroup = 917043321C439F4C0028747B /* Products */;
			projectDirPath = "";
			projectRoot = "";
			targets = (
				917043301C439F4C0028747B /* RCTTrackingIO */,
			);
		};
/* End PBXProject section */

/* Begin PBXSourcesBuildPhase section */
		9170432D1C439F4C0028747B /* Sources */ = {
			isa = PBXSourcesBuildPhase;
			buildActionMask = 2147483647;
			files = (
				1BF1C85420DF4B38005DA694 /* RCTTrackingIO.m in Sources */,
			);
			runOnlyForDeploymentPostprocessing = 0;
		};
/* End PBXSourcesBuildPhase section */

/* Begin XCBuildConfiguration section */
		917043381C439F4C0028747B /* Debug */ = {
			isa = XCBuildConfiguration;
			buildSettings = {
				ALWAYS_SEARCH_USER_PATHS = NO;
				CLANG_CXX_LANGUAGE_STANDARD = "gnu++0x";
				CLANG_CXX_LIBRARY = "libc++";
				CLANG_ENABLE_MODULES = YES;
				CLANG_ENABLE_OBJC_ARC = YES;
				CLANG_WARN_BOOL_CONVERSION = YES;
				CLANG_WARN_CONSTANT_CONVERSION = YES;
				CLANG_WARN_DIRECT_OBJC_ISA_USAGE = YES_ERROR;
				CLANG_WARN_EMPTY_BODY = YES;
				CLANG_WARN_ENUM_CONVERSION = YES;
				CLANG_WARN_INT_CONVERSION = YES;
				CLANG_WARN_OBJC_ROOT_CLASS = YES_ERROR;
				CLANG_WARN_UNREACHABLE_CODE = YES;
				CLANG_WARN__DUPLICATE_METHOD_MATCH = YES;
				"CODE_SIGN_IDENTITY[sdk=iphoneos*]" = "iPhone Developer";
				COPY_PHASE_STRIP = NO;
				DEBUG_INFORMATION_FORMAT = dwarf;
				ENABLE_STRICT_OBJC_MSGSEND = YES;
				ENABLE_TESTABILITY = YES;
				GCC_C_LANGUAGE_STANDARD = gnu99;
				GCC_DYNAMIC_NO_PIC = NO;
				GCC_NO_COMMON_BLOCKS = YES;
				GCC_OPTIMIZATION_LEVEL = 0;
				GCC_PREPROCESSOR_DEFINITIONS = (
					"DEBUG=1",
					"$(inherited)",
				);
				GCC_WARN_64_TO_32_BIT_CONVERSION = YES;
				GCC_WARN_ABOUT_RETURN_TYPE = YES_ERROR;
				GCC_WARN_UNDECLARED_SELECTOR = YES;
				GCC_WARN_UNINITIALIZED_AUTOS = YES_AGGRESSIVE;
				GCC_WARN_UNUSED_FUNCTION = YES;
				GCC_WARN_UNUSED_VARIABLE = YES;
				IPHONEOS_DEPLOYMENT_TARGET = 7.0;
				MTL_ENABLE_DEBUG_INFO = YES;
				ONLY_ACTIVE_ARCH = YES;
				SDKROOT = iphoneos;
			};
			name = Debug;
		};
		917043391C439F4C0028747B /* Release */ = {
			isa = XCBuildConfiguration;
			buildSettings = {
				ALWAYS_SEARCH_USER_PATHS = NO;
				CLANG_CXX_LANGUAGE_STANDARD = "gnu++0x";
				CLANG_CXX_LIBRARY = "libc++";
				CLANG_ENABLE_MODULES = YES;
				CLANG_ENABLE_OBJC_ARC = YES;
				CLANG_WARN_BOOL_CONVERSION = YES;
				CLANG_WARN_CONSTANT_CONVERSION = YES;
				CLANG_WARN_DIRECT_OBJC_ISA_USAGE = YES_ERROR;
				CLANG_WARN_EMPTY_BODY = YES;
				CLANG_WARN_ENUM_CONVERSION = YES;
				CLANG_WARN_INT_CONVERSION = YES;
				CLANG_WARN_OBJC_ROOT_CLASS = YES_ERROR;
				CLANG_WARN_UNREACHABLE_CODE = YES;
				CLANG_WARN__DUPLICATE_METHOD_MATCH = YES;
				"CODE_SIGN_IDENTITY[sdk=iphoneos*]" = "iPhone Developer";
				COPY_PHASE_STRIP = NO;
				DEBUG_INFORMATION_FORMAT = "dwarf-with-dsym";
				ENABLE_NS_ASSERTIONS = NO;
				ENABLE_STRICT_OBJC_MSGSEND = YES;
				GCC_C_LANGUAGE_STANDARD = gnu99;
				GCC_NO_COMMON_BLOCKS = YES;
				GCC_WARN_64_TO_32_BIT_CONVERSION = YES;
				GCC_WARN_ABOUT_RETURN_TYPE = YES_ERROR;
				GCC_WARN_UNDECLARED_SELECTOR = YES;
				GCC_WARN_UNINITIALIZED_AUTOS = YES_AGGRESSIVE;
				GCC_WARN_UNUSED_FUNCTION = YES;
				GCC_WARN_UNUSED_VARIABLE = YES;
				IPHONEOS_DEPLOYMENT_TARGET = 7.0;
				MTL_ENABLE_DEBUG_INFO = NO;
				SDKROOT = iphoneos;
				VALIDATE_PRODUCT = YES;
			};
			name = Release;
		};
		9170433B1C439F4C0028747B /* Debug */ = {
			isa = XCBuildConfiguration;
			buildSettings = {
				HEADER_SEARCH_PATHS = "$(SRCROOT)/../../react-native/React/**";
				LIBRARY_SEARCH_PATHS = (
					"$(inherited)",
					"$(PROJECT_DIR)/TalkingDataSDK",
					"$(PROJECT_DIR)/TrackingIOSDK",
				);
				OTHER_LDFLAGS = "-ObjC";
				PRODUCT_NAME = "$(TARGET_NAME)";
				SKIP_INSTALL = YES;
			};
			name = Debug;
		};
		9170433C1C439F4C0028747B /* Release */ = {
			isa = XCBuildConfiguration;
			buildSettings = {
				HEADER_SEARCH_PATHS = "$(SRCROOT)/../../react-native/React/**";
				LIBRARY_SEARCH_PATHS = (
					"$(inherited)",
					"$(PROJECT_DIR)/TalkingDataSDK",
					"$(PROJECT_DIR)/TrackingIOSDK",
				);
				OTHER_LDFLAGS = "-ObjC";
				PRODUCT_NAME = "$(TARGET_NAME)";
				SKIP_INSTALL = YES;
			};
			name = Release;
		};
/* End XCBuildConfiguration section */

/* Begin XCConfigurationList section */
		9170432C1C439F4C0028747B /* Build configuration list for PBXProject "RCTTrackingIO" */ = {
			isa = XCConfigurationList;
			buildConfigurations = (
				917043381C439F4C0028747B /* Debug */,
				917043391C439F4C0028747B /* Release */,
			);
			defaultConfigurationIsVisible = 0;
			defaultConfigurationName = Release;
		};
		9170433A1C439F4C0028747B /* Build configuration list for PBXNativeTarget "RCTTrackingIO" */ = {
			isa = XCConfigurationList;
			buildConfigurations = (
				9170433B1C439F4C0028747B /* Debug */,
				9170433C1C439F4C0028747B /* Release */,
			);
			defaultConfigurationIsVisible = 0;
			defaultConfigurationName = Release;
		};
/* End XCConfigurationList section */
	};
	rootObject = 917043291C439F4C0028747B /* Project object */;
}
